
Microsoft Visual Studio Solution File, Format Version 12.00
# Visual Studio Version 17
VisualStudioVersion = 17.4.33122.133
MinimumVisualStudioVersion = 10.0.40219.1
Project("{FAE04EC0-301F-11D3-BF4B-00C04F79EFBC}") = "Lab19.1", "Lab19.1\Lab19.1.csproj", "{60FABA57-CE4A-4730-A730-AA192FAFB4F6}"
EndProject
Global
	GlobalSection(SolutionConfigurationPlatforms) = preSolution
		Debug|Any CPU = Debug|Any CPU
		Release|Any CPU = Release|Any CPU
	EndGlobalSection
	GlobalSection(ProjectConfigurationPlatforms) = postSolution
		{60FABA57-CE4A-4730-A730-AA192FAFB4F6}.Debug|Any CPU.ActiveCfg = Debug|Any CPU
		{60FABA57-CE4A-4730-A730-AA192FAFB4F6}.Debug|Any CPU.Build.0 = Debug|Any CPU
		{60FABA57-CE4A-4730-A730-AA192FAFB4F6}.Release|Any CPU.ActiveCfg = Release|Any CPU
		{60FABA57-CE4A-4730-A730-AA192FAFB4F6}.Release|Any CPU.Build.0 = Release|Any CPU
	EndGlobalSection
	GlobalSection(SolutionProperties) = preSolution
		HideSolutionNode = FALSE
	EndGlobalSection
	GlobalSection(ExtensibilityGlobals) = postSolution
		SolutionGuid = {F088F993-B224-48F8-B52A-80B5B1EFBF8D}
	EndGlobalSection
EndGlobal
