
Microsoft Visual Studio Solution File, Format Version 12.00
# Visual Studio Version 17
VisualStudioVersion = 17.4.33122.133
MinimumVisualStudioVersion = 10.0.40219.1
Project("{FAE04EC0-301F-11D3-BF4B-00C04F79EFBC}") = "Lab20.1", "Lab20.1\Lab20.1.csproj", "{19FFB20E-3361-43EC-B950-52E86FD225B5}"
EndProject
Global
	GlobalSection(SolutionConfigurationPlatforms) = preSolution
		Debug|Any CPU = Debug|Any CPU
		Release|Any CPU = Release|Any CPU
	EndGlobalSection
	GlobalSection(ProjectConfigurationPlatforms) = postSolution
		{19FFB20E-3361-43EC-B950-52E86FD225B5}.Debug|Any CPU.ActiveCfg = Debug|Any CPU
		{19FFB20E-3361-43EC-B950-52E86FD225B5}.Debug|Any CPU.Build.0 = Debug|Any CPU
		{19FFB20E-3361-43EC-B950-52E86FD225B5}.Release|Any CPU.ActiveCfg = Release|Any CPU
		{19FFB20E-3361-43EC-B950-52E86FD225B5}.Release|Any CPU.Build.0 = Release|Any CPU
	EndGlobalSection
	GlobalSection(SolutionProperties) = preSolution
		HideSolutionNode = FALSE
	EndGlobalSection
	GlobalSection(ExtensibilityGlobals) = postSolution
		SolutionGuid = {9FA97F8B-0D40-440E-9F31-0B2F8291BB44}
	EndGlobalSection
EndGlobal
