
Microsoft Visual Studio Solution File, Format Version 12.00
# Visual Studio Version 17
VisualStudioVersion = 17.4.33122.133
MinimumVisualStudioVersion = 10.0.40219.1
Project("{FAE04EC0-301F-11D3-BF4B-00C04F79EFBC}") = "Lab21.1", "Lab21.1\Lab21.1.csproj", "{963DAE68-0765-4373-9064-7ED0D9BB2BFF}"
EndProject
Global
	GlobalSection(SolutionConfigurationPlatforms) = preSolution
		Debug|Any CPU = Debug|Any CPU
		Release|Any CPU = Release|Any CPU
	EndGlobalSection
	GlobalSection(ProjectConfigurationPlatforms) = postSolution
		{963DAE68-0765-4373-9064-7ED0D9BB2BFF}.Debug|Any CPU.ActiveCfg = Debug|Any CPU
		{963DAE68-0765-4373-9064-7ED0D9BB2BFF}.Debug|Any CPU.Build.0 = Debug|Any CPU
		{963DAE68-0765-4373-9064-7ED0D9BB2BFF}.Release|Any CPU.ActiveCfg = Release|Any CPU
		{963DAE68-0765-4373-9064-7ED0D9BB2BFF}.Release|Any CPU.Build.0 = Release|Any CPU
	EndGlobalSection
	GlobalSection(SolutionProperties) = preSolution
		HideSolutionNode = FALSE
	EndGlobalSection
	GlobalSection(ExtensibilityGlobals) = postSolution
		SolutionGuid = {14F881D9-3E2D-4878-9E24-B57D5B233BE6}
	EndGlobalSection
EndGlobal
