
Microsoft Visual Studio Solution File, Format Version 12.00
# Visual Studio Version 17
VisualStudioVersion = 17.4.33122.133
MinimumVisualStudioVersion = 10.0.40219.1
Project("{FAE04EC0-301F-11D3-BF4B-00C04F79EFBC}") = "Lab5", "Lab5.csproj", "{6D408AC5-D6AA-460B-94EB-7B78FB090C68}"
EndProject
Project("{FAE04EC0-301F-11D3-BF4B-00C04F79EFBC}") = "Lab5.2", "Lab5.1\Lab5.2.csproj", "{7331CBE4-B887-4850-B5C9-A102B7A28A6B}"
EndProject
Project("{FAE04EC0-301F-11D3-BF4B-00C04F79EFBC}") = "Lab5.3", "..\Lab5.3\Lab5.3.csproj", "{47485DA4-630E-4C77-AF10-CD034F993C65}"
EndProject
Project("{FAE04EC0-301F-11D3-BF4B-00C04F79EFBC}") = "Lab5.4", "..\Lab5.4\Lab5.4.csproj", "{F2004CA9-2E2F-4637-9FAE-1797D6AFA2E1}"
EndProject
Project("{FAE04EC0-301F-11D3-BF4B-00C04F79EFBC}") = "Lab5.5", "..\Lab5.5\Lab5.5.csproj", "{38F6A6BE-2373-4905-AB3B-FF1B6FFEB981}"
EndProject
Project("{FAE04EC0-301F-11D3-BF4B-00C04F79EFBC}") = "Lab5.6", "..\Lab5.6\Lab5.6.csproj", "{065385D8-9D5B-47BA-B233-CB18708926CC}"
EndProject
Global
	GlobalSection(SolutionConfigurationPlatforms) = preSolution
		Debug|Any CPU = Debug|Any CPU
		Release|Any CPU = Release|Any CPU
	EndGlobalSection
	GlobalSection(ProjectConfigurationPlatforms) = postSolution
		{6D408AC5-D6AA-460B-94EB-7B78FB090C68}.Debug|Any CPU.ActiveCfg = Debug|Any CPU
		{6D408AC5-D6AA-460B-94EB-7B78FB090C68}.Debug|Any CPU.Build.0 = Debug|Any CPU
		{6D408AC5-D6AA-460B-94EB-7B78FB090C68}.Release|Any CPU.ActiveCfg = Release|Any CPU
		{6D408AC5-D6AA-460B-94EB-7B78FB090C68}.Release|Any CPU.Build.0 = Release|Any CPU
		{7331CBE4-B887-4850-B5C9-A102B7A28A6B}.Debug|Any CPU.ActiveCfg = Debug|Any CPU
		{7331CBE4-B887-4850-B5C9-A102B7A28A6B}.Debug|Any CPU.Build.0 = Debug|Any CPU
		{7331CBE4-B887-4850-B5C9-A102B7A28A6B}.Release|Any CPU.ActiveCfg = Release|Any CPU
		{7331CBE4-B887-4850-B5C9-A102B7A28A6B}.Release|Any CPU.Build.0 = Release|Any CPU
		{47485DA4-630E-4C77-AF10-CD034F993C65}.Debug|Any CPU.ActiveCfg = Debug|Any CPU
		{47485DA4-630E-4C77-AF10-CD034F993C65}.Debug|Any CPU.Build.0 = Debug|Any CPU
		{47485DA4-630E-4C77-AF10-CD034F993C65}.Release|Any CPU.ActiveCfg = Release|Any CPU
		{47485DA4-630E-4C77-AF10-CD034F993C65}.Release|Any CPU.Build.0 = Release|Any CPU
		{F2004CA9-2E2F-4637-9FAE-1797D6AFA2E1}.Debug|Any CPU.ActiveCfg = Debug|Any CPU
		{F2004CA9-2E2F-4637-9FAE-1797D6AFA2E1}.Debug|Any CPU.Build.0 = Debug|Any CPU
		{F2004CA9-2E2F-4637-9FAE-1797D6AFA2E1}.Release|Any CPU.ActiveCfg = Release|Any CPU
		{F2004CA9-2E2F-4637-9FAE-1797D6AFA2E1}.Release|Any CPU.Build.0 = Release|Any CPU
		{38F6A6BE-2373-4905-AB3B-FF1B6FFEB981}.Debug|Any CPU.ActiveCfg = Debug|Any CPU
		{38F6A6BE-2373-4905-AB3B-FF1B6FFEB981}.Debug|Any CPU.Build.0 = Debug|Any CPU
		{38F6A6BE-2373-4905-AB3B-FF1B6FFEB981}.Release|Any CPU.ActiveCfg = Release|Any CPU
		{38F6A6BE-2373-4905-AB3B-FF1B6FFEB981}.Release|Any CPU.Build.0 = Release|Any CPU
		{065385D8-9D5B-47BA-B233-CB18708926CC}.Debug|Any CPU.ActiveCfg = Debug|Any CPU
		{065385D8-9D5B-47BA-B233-CB18708926CC}.Debug|Any CPU.Build.0 = Debug|Any CPU
		{065385D8-9D5B-47BA-B233-CB18708926CC}.Release|Any CPU.ActiveCfg = Release|Any CPU
		{065385D8-9D5B-47BA-B233-CB18708926CC}.Release|Any CPU.Build.0 = Release|Any CPU
	EndGlobalSection
	GlobalSection(SolutionProperties) = preSolution
		HideSolutionNode = FALSE
	EndGlobalSection
	GlobalSection(ExtensibilityGlobals) = postSolution
		SolutionGuid = {8B7C7417-DC69-4A60-9E5B-9CC087598ADF}
	EndGlobalSection
EndGlobal
